
Microsoft Visual Studio Solution File, Format Version 12.00
# Visual Studio 15
VisualStudioVersion = 15.0.27703.2042
MinimumVisualStudioVersion = 10.0.40219.1
Project("{FAE04EC0-301F-11D3-BF4B-00C04F79EFBC}") = "5.MottledApi", "MottledApi\5.MottledApi.csproj", "{8BA7F932-2FE7-46B7-B776-2A6A5CF65BAE}"
EndProject
Project("{FAE04EC0-301F-11D3-BF4B-00C04F79EFBC}") = "MottledApi.Tests", "MottledApi.Tests\MottledApi.Tests.csproj", "{EB852A27-CB26-4516-82BD-3D3E92307968}"
EndProject
Project("{FAE04EC0-301F-11D3-BF4B-00C04F79EFBC}") = "3.Utils", "Utils\3.Utils.csproj", "{B43D08EB-D44B-4BD6-8F62-1897B921D5B5}"
EndProject
Project("{FAE04EC0-301F-11D3-BF4B-00C04F79EFBC}") = "0.Framework", "Framework\0.Framework.csproj", "{AF1B5032-ECA3-4C4E-BE23-39B84A559E23}"
EndProject
Project("{FAE04EC0-301F-11D3-BF4B-00C04F79EFBC}") = "1.Models", "1.Models\1.Models.csproj", "{61E11F15-6923-4AB7-BB41-A83658E9CD69}"
EndProject
Project("{FAE04EC0-301F-11D3-BF4B-00C04F79EFBC}") = "2.Services", "2.Services\2.Services.csproj", "{B5D8DB6D-664A-4391-9F1D-E62396CD823E}"
EndProject
Project("{FAE04EC0-301F-11D3-BF4B-00C04F79EFBC}") = "4.ViewModel", "4.ViewModel\4.ViewModel.csproj", "{AFF071D3-5A54-4B2B-B33C-37F6235DFBAB}"
EndProject
Project("{FAE04EC0-301F-11D3-BF4B-00C04F79EFBC}") = "Command", "6.Command\Command.csproj", "{6B44C8F7-289B-48AB-98CC-408B14572C0C}"
EndProject
Project("{FAE04EC0-301F-11D3-BF4B-00C04F79EFBC}") = "6.OrleansClient", "7.OrleansClient\6.OrleansClient.csproj", "{AF2203B8-30F3-4239-88F7-AA5A469667E3}"
EndProject
Project("{FAE04EC0-301F-11D3-BF4B-00C04F79EFBC}") = "7.OrleansHost", "8.OrleansHost\7.OrleansHost.csproj", "{8797BA99-7DFA-45F3-A905-E516A158AD20}"
EndProject
Project("{FAE04EC0-301F-11D3-BF4B-00C04F79EFBC}") = "8.OrleansGrains", "9.OrleansGrains\8.OrleansGrains.csproj", "{679602A9-2BF1-459B-8D59-28E26D2A4286}"
EndProject
Project("{FAE04EC0-301F-11D3-BF4B-00C04F79EFBC}") = "9.OrleansIGrains", "10.OrleansIGrains\9.OrleansIGrains.csproj", "{7EB61A5C-72B1-4564-BD38-BD734C3F6635}"
EndProject
Project("{FAE04EC0-301F-11D3-BF4B-00C04F79EFBC}") = "WinServer", "WinServer\WinServer.csproj", "{B2CDEF3A-1A9A-47B8-AE5C-7AF06D5A9531}"
EndProject
Project("{888888A0-9F3D-457C-B088-3A5042F75D52}") = "MottledPython", "MottledPython\MottledPython.pyproj", "{69D05624-37F2-457F-8455-0ABD29899CF0}"
EndProject
Project("{888888A0-9F3D-457C-B088-3A5042F75D52}") = "PythonMottledApp", "PythonMottledApp\PythonMottledApp.pyproj", "{FDA9D9CE-63D4-44F8-9810-E8EE3DA35480}"
EndProject
Global
	GlobalSection(SolutionConfigurationPlatforms) = preSolution
		Debug|Any CPU = Debug|Any CPU
		Release|Any CPU = Release|Any CPU
	EndGlobalSection
	GlobalSection(ProjectConfigurationPlatforms) = postSolution
		{8BA7F932-2FE7-46B7-B776-2A6A5CF65BAE}.Debug|Any CPU.ActiveCfg = Debug|Any CPU
		{8BA7F932-2FE7-46B7-B776-2A6A5CF65BAE}.Debug|Any CPU.Build.0 = Debug|Any CPU
		{8BA7F932-2FE7-46B7-B776-2A6A5CF65BAE}.Release|Any CPU.ActiveCfg = Release|Any CPU
		{8BA7F932-2FE7-46B7-B776-2A6A5CF65BAE}.Release|Any CPU.Build.0 = Release|Any CPU
		{EB852A27-CB26-4516-82BD-3D3E92307968}.Debug|Any CPU.ActiveCfg = Debug|Any CPU
		{EB852A27-CB26-4516-82BD-3D3E92307968}.Debug|Any CPU.Build.0 = Debug|Any CPU
		{EB852A27-CB26-4516-82BD-3D3E92307968}.Release|Any CPU.ActiveCfg = Release|Any CPU
		{EB852A27-CB26-4516-82BD-3D3E92307968}.Release|Any CPU.Build.0 = Release|Any CPU
		{B43D08EB-D44B-4BD6-8F62-1897B921D5B5}.Debug|Any CPU.ActiveCfg = Debug|Any CPU
		{B43D08EB-D44B-4BD6-8F62-1897B921D5B5}.Debug|Any CPU.Build.0 = Debug|Any CPU
		{B43D08EB-D44B-4BD6-8F62-1897B921D5B5}.Release|Any CPU.ActiveCfg = Release|Any CPU
		{B43D08EB-D44B-4BD6-8F62-1897B921D5B5}.Release|Any CPU.Build.0 = Release|Any CPU
		{AF1B5032-ECA3-4C4E-BE23-39B84A559E23}.Debug|Any CPU.ActiveCfg = Debug|Any CPU
		{AF1B5032-ECA3-4C4E-BE23-39B84A559E23}.Debug|Any CPU.Build.0 = Debug|Any CPU
		{AF1B5032-ECA3-4C4E-BE23-39B84A559E23}.Release|Any CPU.ActiveCfg = Release|Any CPU
		{AF1B5032-ECA3-4C4E-BE23-39B84A559E23}.Release|Any CPU.Build.0 = Release|Any CPU
		{61E11F15-6923-4AB7-BB41-A83658E9CD69}.Debug|Any CPU.ActiveCfg = Debug|Any CPU
		{61E11F15-6923-4AB7-BB41-A83658E9CD69}.Debug|Any CPU.Build.0 = Debug|Any CPU
		{61E11F15-6923-4AB7-BB41-A83658E9CD69}.Release|Any CPU.ActiveCfg = Release|Any CPU
		{61E11F15-6923-4AB7-BB41-A83658E9CD69}.Release|Any CPU.Build.0 = Release|Any CPU
		{B5D8DB6D-664A-4391-9F1D-E62396CD823E}.Debug|Any CPU.ActiveCfg = Debug|Any CPU
		{B5D8DB6D-664A-4391-9F1D-E62396CD823E}.Debug|Any CPU.Build.0 = Debug|Any CPU
		{B5D8DB6D-664A-4391-9F1D-E62396CD823E}.Release|Any CPU.ActiveCfg = Release|Any CPU
		{B5D8DB6D-664A-4391-9F1D-E62396CD823E}.Release|Any CPU.Build.0 = Release|Any CPU
		{AFF071D3-5A54-4B2B-B33C-37F6235DFBAB}.Debug|Any CPU.ActiveCfg = Debug|Any CPU
		{AFF071D3-5A54-4B2B-B33C-37F6235DFBAB}.Debug|Any CPU.Build.0 = Debug|Any CPU
		{AFF071D3-5A54-4B2B-B33C-37F6235DFBAB}.Release|Any CPU.ActiveCfg = Release|Any CPU
		{AFF071D3-5A54-4B2B-B33C-37F6235DFBAB}.Release|Any CPU.Build.0 = Release|Any CPU
		{6B44C8F7-289B-48AB-98CC-408B14572C0C}.Debug|Any CPU.ActiveCfg = Debug|Any CPU
		{6B44C8F7-289B-48AB-98CC-408B14572C0C}.Debug|Any CPU.Build.0 = Debug|Any CPU
		{6B44C8F7-289B-48AB-98CC-408B14572C0C}.Release|Any CPU.ActiveCfg = Release|Any CPU
		{6B44C8F7-289B-48AB-98CC-408B14572C0C}.Release|Any CPU.Build.0 = Release|Any CPU
		{AF2203B8-30F3-4239-88F7-AA5A469667E3}.Debug|Any CPU.ActiveCfg = Debug|Any CPU
		{AF2203B8-30F3-4239-88F7-AA5A469667E3}.Debug|Any CPU.Build.0 = Debug|Any CPU
		{AF2203B8-30F3-4239-88F7-AA5A469667E3}.Release|Any CPU.ActiveCfg = Release|Any CPU
		{AF2203B8-30F3-4239-88F7-AA5A469667E3}.Release|Any CPU.Build.0 = Release|Any CPU
		{8797BA99-7DFA-45F3-A905-E516A158AD20}.Debug|Any CPU.ActiveCfg = Debug|Any CPU
		{8797BA99-7DFA-45F3-A905-E516A158AD20}.Debug|Any CPU.Build.0 = Debug|Any CPU
		{8797BA99-7DFA-45F3-A905-E516A158AD20}.Release|Any CPU.ActiveCfg = Release|Any CPU
		{8797BA99-7DFA-45F3-A905-E516A158AD20}.Release|Any CPU.Build.0 = Release|Any CPU
		{679602A9-2BF1-459B-8D59-28E26D2A4286}.Debug|Any CPU.ActiveCfg = Debug|Any CPU
		{679602A9-2BF1-459B-8D59-28E26D2A4286}.Debug|Any CPU.Build.0 = Debug|Any CPU
		{679602A9-2BF1-459B-8D59-28E26D2A4286}.Release|Any CPU.ActiveCfg = Release|Any CPU
		{679602A9-2BF1-459B-8D59-28E26D2A4286}.Release|Any CPU.Build.0 = Release|Any CPU
		{7EB61A5C-72B1-4564-BD38-BD734C3F6635}.Debug|Any CPU.ActiveCfg = Debug|Any CPU
		{7EB61A5C-72B1-4564-BD38-BD734C3F6635}.Debug|Any CPU.Build.0 = Debug|Any CPU
		{7EB61A5C-72B1-4564-BD38-BD734C3F6635}.Release|Any CPU.ActiveCfg = Release|Any CPU
		{7EB61A5C-72B1-4564-BD38-BD734C3F6635}.Release|Any CPU.Build.0 = Release|Any CPU
		{B2CDEF3A-1A9A-47B8-AE5C-7AF06D5A9531}.Debug|Any CPU.ActiveCfg = Debug|Any CPU
		{B2CDEF3A-1A9A-47B8-AE5C-7AF06D5A9531}.Debug|Any CPU.Build.0 = Debug|Any CPU
		{B2CDEF3A-1A9A-47B8-AE5C-7AF06D5A9531}.Release|Any CPU.ActiveCfg = Release|Any CPU
		{B2CDEF3A-1A9A-47B8-AE5C-7AF06D5A9531}.Release|Any CPU.Build.0 = Release|Any CPU
		{69D05624-37F2-457F-8455-0ABD29899CF0}.Debug|Any CPU.ActiveCfg = Debug|Any CPU
		{69D05624-37F2-457F-8455-0ABD29899CF0}.Debug|Any CPU.Build.0 = Debug|Any CPU
		{69D05624-37F2-457F-8455-0ABD29899CF0}.Release|Any CPU.ActiveCfg = Release|Any CPU
		{69D05624-37F2-457F-8455-0ABD29899CF0}.Release|Any CPU.Build.0 = Release|Any CPU
		{FDA9D9CE-63D4-44F8-9810-E8EE3DA35480}.Debug|Any CPU.ActiveCfg = Debug|Any CPU
		{FDA9D9CE-63D4-44F8-9810-E8EE3DA35480}.Release|Any CPU.ActiveCfg = Release|Any CPU
	EndGlobalSection
	GlobalSection(SolutionProperties) = preSolution
		HideSolutionNode = FALSE
	EndGlobalSection
	GlobalSection(ExtensibilityGlobals) = postSolution
		SolutionGuid = {3CF0506C-F682-4408-B3EB-09E03C88C2E8}
	EndGlobalSection
EndGlobal
